
Microsoft Visual Studio Solution File, Format Version 12.00
# Visual Studio 2013
VisualStudioVersion = 12.0.40629.0
MinimumVisualStudioVersion = 10.0.40219.1
Project("{FAE04EC0-301F-11D3-BF4B-00C04F79EFBC}") = "DelegateAndFunctions.Run", "DelegateAndFunctions\DelegateAndFunctions.Run.csproj", "{28B7EF07-41CA-4DAD-B12D-C67AB4B8C012}"
EndProject
Project("{FAE04EC0-301F-11D3-BF4B-00C04F79EFBC}") = "DelegateAndFunctions.Core", "DelegateAndFunctions.Core\DelegateAndFunctions.Core.csproj", "{717DB478-3EF2-4B09-9F7B-F8518E90B8BB}"
EndProject
Global
	GlobalSection(SolutionConfigurationPlatforms) = preSolution
		Debug|Any CPU = Debug|Any CPU
		Release|Any CPU = Release|Any CPU
	EndGlobalSection
	GlobalSection(ProjectConfigurationPlatforms) = postSolution
		{28B7EF07-41CA-4DAD-B12D-C67AB4B8C012}.Debug|Any CPU.ActiveCfg = Debug|Any CPU
		{28B7EF07-41CA-4DAD-B12D-C67AB4B8C012}.Debug|Any CPU.Build.0 = Debug|Any CPU
		{28B7EF07-41CA-4DAD-B12D-C67AB4B8C012}.Release|Any CPU.ActiveCfg = Release|Any CPU
		{28B7EF07-41CA-4DAD-B12D-C67AB4B8C012}.Release|Any CPU.Build.0 = Release|Any CPU
		{717DB478-3EF2-4B09-9F7B-F8518E90B8BB}.Debug|Any CPU.ActiveCfg = Debug|Any CPU
		{717DB478-3EF2-4B09-9F7B-F8518E90B8BB}.Debug|Any CPU.Build.0 = Debug|Any CPU
		{717DB478-3EF2-4B09-9F7B-F8518E90B8BB}.Release|Any CPU.ActiveCfg = Release|Any CPU
		{717DB478-3EF2-4B09-9F7B-F8518E90B8BB}.Release|Any CPU.Build.0 = Release|Any CPU
	EndGlobalSection
	GlobalSection(SolutionProperties) = preSolution
		HideSolutionNode = FALSE
	EndGlobalSection
EndGlobal
