
Microsoft Visual Studio Solution File, Format Version 12.00
# Visual Studio Version 16
VisualStudioVersion = 16.0.30330.147
MinimumVisualStudioVersion = 10.0.40219.1
Project("{FAE04EC0-301F-11D3-BF4B-00C04F79EFBC}") = "ModelProducerConsumer", "ModelProducerConsumer\ModelProducerConsumer.csproj", "{55EFF6D9-74E8-4261-996F-AB23A2A90317}"
EndProject
Project("{9A19103F-16F7-4668-BE54-9A1E7A4F7556}") = "MPC.Test", "MPC.Test\MPC.Test.csproj", "{81FC0B2F-F473-4FE1-962C-32A47E593A96}"
EndProject
Project("{9A19103F-16F7-4668-BE54-9A1E7A4F7556}") = "MPC.Core", "MPC.Core\MPC.Core.csproj", "{FE9077CD-9954-4F4F-8D9E-F17E9CF39077}"
EndProject
Project("{9A19103F-16F7-4668-BE54-9A1E7A4F7556}") = "MPC.Transmitters", "MPC.Transmitters\MPC.Transmitters.csproj", "{0ED8AA73-03EA-437B-88D8-F5CD686F2756}"
EndProject
Project("{FAE04EC0-301F-11D3-BF4B-00C04F79EFBC}") = "MPC.WikiProcessor", "MPC.WikiProcessor\MPC.WikiProcessor.csproj", "{4F8DA9C2-293E-47DC-B521-B08426A0E23B}"
EndProject
Global
	GlobalSection(SolutionConfigurationPlatforms) = preSolution
		Debug|Any CPU = Debug|Any CPU
		Release|Any CPU = Release|Any CPU
	EndGlobalSection
	GlobalSection(ProjectConfigurationPlatforms) = postSolution
		{55EFF6D9-74E8-4261-996F-AB23A2A90317}.Debug|Any CPU.ActiveCfg = Debug|Any CPU
		{55EFF6D9-74E8-4261-996F-AB23A2A90317}.Debug|Any CPU.Build.0 = Debug|Any CPU
		{55EFF6D9-74E8-4261-996F-AB23A2A90317}.Release|Any CPU.ActiveCfg = Release|Any CPU
		{55EFF6D9-74E8-4261-996F-AB23A2A90317}.Release|Any CPU.Build.0 = Release|Any CPU
		{81FC0B2F-F473-4FE1-962C-32A47E593A96}.Debug|Any CPU.ActiveCfg = Debug|Any CPU
		{81FC0B2F-F473-4FE1-962C-32A47E593A96}.Debug|Any CPU.Build.0 = Debug|Any CPU
		{81FC0B2F-F473-4FE1-962C-32A47E593A96}.Release|Any CPU.ActiveCfg = Release|Any CPU
		{81FC0B2F-F473-4FE1-962C-32A47E593A96}.Release|Any CPU.Build.0 = Release|Any CPU
		{FE9077CD-9954-4F4F-8D9E-F17E9CF39077}.Debug|Any CPU.ActiveCfg = Debug|Any CPU
		{FE9077CD-9954-4F4F-8D9E-F17E9CF39077}.Debug|Any CPU.Build.0 = Debug|Any CPU
		{FE9077CD-9954-4F4F-8D9E-F17E9CF39077}.Release|Any CPU.ActiveCfg = Release|Any CPU
		{FE9077CD-9954-4F4F-8D9E-F17E9CF39077}.Release|Any CPU.Build.0 = Release|Any CPU
		{0ED8AA73-03EA-437B-88D8-F5CD686F2756}.Debug|Any CPU.ActiveCfg = Debug|Any CPU
		{0ED8AA73-03EA-437B-88D8-F5CD686F2756}.Debug|Any CPU.Build.0 = Debug|Any CPU
		{0ED8AA73-03EA-437B-88D8-F5CD686F2756}.Release|Any CPU.ActiveCfg = Release|Any CPU
		{0ED8AA73-03EA-437B-88D8-F5CD686F2756}.Release|Any CPU.Build.0 = Release|Any CPU
		{4F8DA9C2-293E-47DC-B521-B08426A0E23B}.Debug|Any CPU.ActiveCfg = Debug|Any CPU
		{4F8DA9C2-293E-47DC-B521-B08426A0E23B}.Debug|Any CPU.Build.0 = Debug|Any CPU
		{4F8DA9C2-293E-47DC-B521-B08426A0E23B}.Release|Any CPU.ActiveCfg = Release|Any CPU
		{4F8DA9C2-293E-47DC-B521-B08426A0E23B}.Release|Any CPU.Build.0 = Release|Any CPU
	EndGlobalSection
	GlobalSection(SolutionProperties) = preSolution
		HideSolutionNode = FALSE
	EndGlobalSection
	GlobalSection(ExtensibilityGlobals) = postSolution
		SolutionGuid = {39268E04-F93A-49C1-A8E8-E9F30105EDFC}
	EndGlobalSection
EndGlobal
